
Microsoft Visual Studio Solution File, Format Version 12.00
# Visual Studio Version 17
VisualStudioVersion = 17.2.32505.173
MinimumVisualStudioVersion = 10.0.40219.1
Project("{9A19103F-16F7-4668-BE54-9A1E7A4F7556}") = "01_Unique_Usernames", "01_Unique_Usernames\01_Unique_Usernames.csproj", "{6634962B-E9CF-42D4-8FF1-9883C3C455E5}"
EndProject
Project("{9A19103F-16F7-4668-BE54-9A1E7A4F7556}") = "02_Sets_Of_Elements", "02_Sets_Of_Elements\02_Sets_Of_Elements.csproj", "{091523FE-4090-48E8-85AA-C46F0E6697FE}"
EndProject
Project("{9A19103F-16F7-4668-BE54-9A1E7A4F7556}") = "03_Periodic_table", "03_Periodic_table\03_Periodic_table.csproj", "{D6B0B64C-F97E-415A-A0A7-787A1C893875}"
EndProject
Project("{FAE04EC0-301F-11D3-BF4B-00C04F79EFBC}") = "04_Even_Times", "04_Even_Times\04_Even_Times.csproj", "{4780C744-631C-4E80-9E40-767F581FF30A}"
EndProject
Project("{FAE04EC0-301F-11D3-BF4B-00C04F79EFBC}") = "05_Count_Symbols", "05_Count_Symbols\05_Count_Symbols.csproj", "{1F6CDF9A-2702-45F2-BF59-CA71E0722FF1}"
EndProject
Project("{FAE04EC0-301F-11D3-BF4B-00C04F79EFBC}") = "06_Wardrobe", "06_Wardrobe\06_Wardrobe.csproj", "{E45EBF26-7D5D-49C7-A1FE-2C76BB046211}"
EndProject
Global
	GlobalSection(SolutionConfigurationPlatforms) = preSolution
		Debug|Any CPU = Debug|Any CPU
		Release|Any CPU = Release|Any CPU
	EndGlobalSection
	GlobalSection(ProjectConfigurationPlatforms) = postSolution
		{6634962B-E9CF-42D4-8FF1-9883C3C455E5}.Debug|Any CPU.ActiveCfg = Debug|Any CPU
		{6634962B-E9CF-42D4-8FF1-9883C3C455E5}.Debug|Any CPU.Build.0 = Debug|Any CPU
		{6634962B-E9CF-42D4-8FF1-9883C3C455E5}.Release|Any CPU.ActiveCfg = Release|Any CPU
		{6634962B-E9CF-42D4-8FF1-9883C3C455E5}.Release|Any CPU.Build.0 = Release|Any CPU
		{091523FE-4090-48E8-85AA-C46F0E6697FE}.Debug|Any CPU.ActiveCfg = Debug|Any CPU
		{091523FE-4090-48E8-85AA-C46F0E6697FE}.Debug|Any CPU.Build.0 = Debug|Any CPU
		{091523FE-4090-48E8-85AA-C46F0E6697FE}.Release|Any CPU.ActiveCfg = Release|Any CPU
		{091523FE-4090-48E8-85AA-C46F0E6697FE}.Release|Any CPU.Build.0 = Release|Any CPU
		{D6B0B64C-F97E-415A-A0A7-787A1C893875}.Debug|Any CPU.ActiveCfg = Debug|Any CPU
		{D6B0B64C-F97E-415A-A0A7-787A1C893875}.Debug|Any CPU.Build.0 = Debug|Any CPU
		{D6B0B64C-F97E-415A-A0A7-787A1C893875}.Release|Any CPU.ActiveCfg = Release|Any CPU
		{D6B0B64C-F97E-415A-A0A7-787A1C893875}.Release|Any CPU.Build.0 = Release|Any CPU
		{4780C744-631C-4E80-9E40-767F581FF30A}.Debug|Any CPU.ActiveCfg = Debug|Any CPU
		{4780C744-631C-4E80-9E40-767F581FF30A}.Debug|Any CPU.Build.0 = Debug|Any CPU
		{4780C744-631C-4E80-9E40-767F581FF30A}.Release|Any CPU.ActiveCfg = Release|Any CPU
		{4780C744-631C-4E80-9E40-767F581FF30A}.Release|Any CPU.Build.0 = Release|Any CPU
		{1F6CDF9A-2702-45F2-BF59-CA71E0722FF1}.Debug|Any CPU.ActiveCfg = Debug|Any CPU
		{1F6CDF9A-2702-45F2-BF59-CA71E0722FF1}.Debug|Any CPU.Build.0 = Debug|Any CPU
		{1F6CDF9A-2702-45F2-BF59-CA71E0722FF1}.Release|Any CPU.ActiveCfg = Release|Any CPU
		{1F6CDF9A-2702-45F2-BF59-CA71E0722FF1}.Release|Any CPU.Build.0 = Release|Any CPU
		{E45EBF26-7D5D-49C7-A1FE-2C76BB046211}.Debug|Any CPU.ActiveCfg = Debug|Any CPU
		{E45EBF26-7D5D-49C7-A1FE-2C76BB046211}.Debug|Any CPU.Build.0 = Debug|Any CPU
		{E45EBF26-7D5D-49C7-A1FE-2C76BB046211}.Release|Any CPU.ActiveCfg = Release|Any CPU
		{E45EBF26-7D5D-49C7-A1FE-2C76BB046211}.Release|Any CPU.Build.0 = Release|Any CPU
	EndGlobalSection
	GlobalSection(SolutionProperties) = preSolution
		HideSolutionNode = FALSE
	EndGlobalSection
	GlobalSection(ExtensibilityGlobals) = postSolution
		SolutionGuid = {F1414FC9-CF81-4906-B86C-293275D7F796}
	EndGlobalSection
EndGlobal
